
Microsoft Visual Studio Solution File, Format Version 11.00
# Visual Studio 2010
Project("{FAE04EC0-301F-11D3-BF4B-00C04F79EFBC}") = "UGUI-DEMO", "Assembly-CSharp.csproj", "{430E4435-EF8A-8B96-0D1C-F63ED77369A6}"
EndProject
Global
	GlobalSection(SolutionConfigurationPlatforms) = preSolution
		Debug|Any CPU = Debug|Any CPU
		Release|Any CPU = Release|Any CPU
	EndGlobalSection
	GlobalSection(ProjectConfigurationPlatforms) = postSolution
		{430E4435-EF8A-8B96-0D1C-F63ED77369A6}.Debug|Any CPU.ActiveCfg = Debug|Any CPU
		{430E4435-EF8A-8B96-0D1C-F63ED77369A6}.Debug|Any CPU.Build.0 = Debug|Any CPU
		{430E4435-EF8A-8B96-0D1C-F63ED77369A6}.Release|Any CPU.ActiveCfg = Release|Any CPU
		{430E4435-EF8A-8B96-0D1C-F63ED77369A6}.Release|Any CPU.Build.0 = Release|Any CPU
	EndGlobalSection
	GlobalSection(SolutionProperties) = preSolution
		HideSolutionNode = FALSE
	EndGlobalSection
	GlobalSection(MonoDevelopProperties) = preSolution
		StartupItem = Assembly-CSharp.csproj
	EndGlobalSection
EndGlobal
